
Microsoft Visual Studio Solution File, Format Version 12.00
# Visual Studio Version 17
VisualStudioVersion = 17.4.33213.308
MinimumVisualStudioVersion = 10.0.40219.1
Project("{FAE04EC0-301F-11D3-BF4B-00C04F79EFBC}") = "IntegralCalculating", "IntegralCalculating.csproj", "{4DD526F5-2BE5-4A4E-B4D3-DC81FFF1CCE7}"
EndProject
Global
	GlobalSection(SolutionConfigurationPlatforms) = preSolution
		Debug|Any CPU = Debug|Any CPU
		Release|Any CPU = Release|Any CPU
	EndGlobalSection
	GlobalSection(ProjectConfigurationPlatforms) = postSolution
		{4DD526F5-2BE5-4A4E-B4D3-DC81FFF1CCE7}.Debug|Any CPU.ActiveCfg = Debug|Any CPU
		{4DD526F5-2BE5-4A4E-B4D3-DC81FFF1CCE7}.Debug|Any CPU.Build.0 = Debug|Any CPU
		{4DD526F5-2BE5-4A4E-B4D3-DC81FFF1CCE7}.Release|Any CPU.ActiveCfg = Release|Any CPU
		{4DD526F5-2BE5-4A4E-B4D3-DC81FFF1CCE7}.Release|Any CPU.Build.0 = Release|Any CPU
	EndGlobalSection
	GlobalSection(SolutionProperties) = preSolution
		HideSolutionNode = FALSE
	EndGlobalSection
	GlobalSection(ExtensibilityGlobals) = postSolution
		SolutionGuid = {36BF9FE5-F63D-40E5-AD33-4DEC66E137D5}
	EndGlobalSection
EndGlobal
