
Microsoft Visual Studio Solution File, Format Version 12.00
# Visual Studio Version 17
VisualStudioVersion = 17.4.33213.308
MinimumVisualStudioVersion = 10.0.40219.1
Project("{FAE04EC0-301F-11D3-BF4B-00C04F79EFBC}") = "BM3", "BM3.csproj", "{1D85ABA9-1E4E-41E3-976A-FC0F9A51A3FF}"
EndProject
Global
	GlobalSection(SolutionConfigurationPlatforms) = preSolution
		Debug|Any CPU = Debug|Any CPU
		Release|Any CPU = Release|Any CPU
	EndGlobalSection
	GlobalSection(ProjectConfigurationPlatforms) = postSolution
		{1D85ABA9-1E4E-41E3-976A-FC0F9A51A3FF}.Debug|Any CPU.ActiveCfg = Debug|Any CPU
		{1D85ABA9-1E4E-41E3-976A-FC0F9A51A3FF}.Debug|Any CPU.Build.0 = Debug|Any CPU
		{1D85ABA9-1E4E-41E3-976A-FC0F9A51A3FF}.Release|Any CPU.ActiveCfg = Release|Any CPU
		{1D85ABA9-1E4E-41E3-976A-FC0F9A51A3FF}.Release|Any CPU.Build.0 = Release|Any CPU
	EndGlobalSection
	GlobalSection(SolutionProperties) = preSolution
		HideSolutionNode = FALSE
	EndGlobalSection
	GlobalSection(ExtensibilityGlobals) = postSolution
		SolutionGuid = {301849BF-CC73-4668-AFA0-52083BECF96D}
	EndGlobalSection
EndGlobal
