
Microsoft Visual Studio Solution File, Format Version 12.00
# Visual Studio Version 17
VisualStudioVersion = 17.4.33213.308
MinimumVisualStudioVersion = 10.0.40219.1
Project("{FAE04EC0-301F-11D3-BF4B-00C04F79EFBC}") = "NewtoneInter", "NewtoneInter.csproj", "{0C07EB73-4D45-487E-858C-5FA78DBB0C92}"
EndProject
Global
	GlobalSection(SolutionConfigurationPlatforms) = preSolution
		Debug|Any CPU = Debug|Any CPU
		Release|Any CPU = Release|Any CPU
	EndGlobalSection
	GlobalSection(ProjectConfigurationPlatforms) = postSolution
		{0C07EB73-4D45-487E-858C-5FA78DBB0C92}.Debug|Any CPU.ActiveCfg = Debug|Any CPU
		{0C07EB73-4D45-487E-858C-5FA78DBB0C92}.Debug|Any CPU.Build.0 = Debug|Any CPU
		{0C07EB73-4D45-487E-858C-5FA78DBB0C92}.Release|Any CPU.ActiveCfg = Release|Any CPU
		{0C07EB73-4D45-487E-858C-5FA78DBB0C92}.Release|Any CPU.Build.0 = Release|Any CPU
	EndGlobalSection
	GlobalSection(SolutionProperties) = preSolution
		HideSolutionNode = FALSE
	EndGlobalSection
	GlobalSection(ExtensibilityGlobals) = postSolution
		SolutionGuid = {EC3EA2F4-EEF0-4CD7-9859-40015777A11F}
	EndGlobalSection
EndGlobal
