
Microsoft Visual Studio Solution File, Format Version 12.00
# Visual Studio Version 17
VisualStudioVersion = 17.4.33213.308
MinimumVisualStudioVersion = 10.0.40219.1
Project("{FAE04EC0-301F-11D3-BF4B-00C04F79EFBC}") = "IterMethod", "IterMethod.csproj", "{5B5AE761-1939-4668-AF32-4DC05B831BAE}"
EndProject
Global
	GlobalSection(SolutionConfigurationPlatforms) = preSolution
		Debug|Any CPU = Debug|Any CPU
		Release|Any CPU = Release|Any CPU
	EndGlobalSection
	GlobalSection(ProjectConfigurationPlatforms) = postSolution
		{5B5AE761-1939-4668-AF32-4DC05B831BAE}.Debug|Any CPU.ActiveCfg = Debug|Any CPU
		{5B5AE761-1939-4668-AF32-4DC05B831BAE}.Debug|Any CPU.Build.0 = Debug|Any CPU
		{5B5AE761-1939-4668-AF32-4DC05B831BAE}.Release|Any CPU.ActiveCfg = Release|Any CPU
		{5B5AE761-1939-4668-AF32-4DC05B831BAE}.Release|Any CPU.Build.0 = Release|Any CPU
	EndGlobalSection
	GlobalSection(SolutionProperties) = preSolution
		HideSolutionNode = FALSE
	EndGlobalSection
	GlobalSection(ExtensibilityGlobals) = postSolution
		SolutionGuid = {3427A3C2-056E-4791-834A-55B9BEAEF817}
	EndGlobalSection
EndGlobal
